{
  "name": "SD-Bot",
  "lockfileVersion": 3,
  "requires": true,
  "packages": {
    "": {
      "dependencies": {
        "chrome-types": "^0.1.385"
      }
    },
    "node_modules/chrome-types": {
      "version": "0.1.385",
      "resolved": "https://registry.npmjs.org/chrome-types/-/chrome-types-0.1.385.tgz",
      "integrity": "sha512-mcrqB4sEQc6zbmVBMFrO0nMjMWGPN/SaAuG3VYvp053MMThJLHCFIGN2mEsnvgx82jXa1wecQAeEzbrw+RYGaA==",
      "license": "Apache-2.0"
    }
  }
}
